
Microsoft Visual Studio Solution File, Format Version 11.00
# Visual Studio 2010
Project("{FAE04EC0-301F-11D3-BF4B-00C04F79EFBC}") = "MvcTodoApp", "MvcTodoApp\MvcTodoApp.csproj", "{6249F694-415B-4270-8EC4-5BF210AD5C10}"
EndProject
Global
	GlobalSection(SolutionConfigurationPlatforms) = preSolution
		Debug|Any CPU = Debug|Any CPU
		Release|Any CPU = Release|Any CPU
	EndGlobalSection
	GlobalSection(ProjectConfigurationPlatforms) = postSolution
		{6249F694-415B-4270-8EC4-5BF210AD5C10}.Debug|Any CPU.ActiveCfg = Debug|Any CPU
		{6249F694-415B-4270-8EC4-5BF210AD5C10}.Debug|Any CPU.Build.0 = Debug|Any CPU
		{6249F694-415B-4270-8EC4-5BF210AD5C10}.Release|Any CPU.ActiveCfg = Release|Any CPU
		{6249F694-415B-4270-8EC4-5BF210AD5C10}.Release|Any CPU.Build.0 = Release|Any CPU
	EndGlobalSection
	GlobalSection(SolutionProperties) = preSolution
		HideSolutionNode = FALSE
	EndGlobalSection
EndGlobal
